{
    "name": "vulnerable-app",
    "version": "1.0.0",
    "lockfileVersion": 1,
    "requires": true,
    "dependencies": {
      "accepts": {
        "version": "1.3.5",
        "resolved": "https://registry.npmjs.org/accepts/-/accepts-1.3.5.tgz",
        "integrity": "sha512-4M2bD8tdU7K1iD7agEXkNKOxPQ0PqSxkbZVqhlV+3I8I4JVXu2fLG3gNsYch0eYRqpMZQa6zlmh96R0d9P5/hQ==",
        "requires": {
          "mime-types": "~2.1.18",
          "negotiator": "0.6.1"
        }
      },
      "debug": {
        "version": "2.6.8",
        "resolved": "https://registry.npmjs.org/debug/-/debug-2.6.8.tgz",
        "integrity": "sha1-4y+a+ehzuz7hrEsPp3v3Pdi1O9o=",
        "requires": {
          "ms": "2.0.0"
        }
      },
      "express": {
        "version": "4.16.0",
        "resolved": "https://registry.npmjs.org/express/-/express-4.16.0.tgz",
        "integrity": "sha1-HO+j7Gk5UwzI6b2uKYzJj0vRXi4=",
        "requires": {
          "accepts": "~1.3.4",
          "array-flatten": "1.1.1",
          "content-type": "~1.0.4",
          "cookie": "0.3.1",
          "debug": "2.6.8",
          "depd": "~1.1.1",
          "encodeurl": "~1.0.1",
          "escape-html": "~1.0.3",
          "etag": "~1.8.1",
          "finalhandler": "1.1.0",
          "fresh": "0.5.2",
          "merge-descriptors": "1.0.1",
          "methods": "~1.1.2",
          "on-finished": "~2.3.0",
          "parseurl": "~1.3.2",
          "path-to-regexp": "0.1.7",
          "proxy-addr": "~2.0.3",
          "qs": "6.5.1",
          "range-parser": "~1.2.0",
          "safe-buffer": "5.1.1",
          "send": "0.16.1",
          "serve-static": "1.13.1",
          "setprototypeof": "1.1.0",
          "statuses": "~1.3.1",
          "type-is": "~1.6.15",
          "utils-merge": "1.0.1",
          "vary": "~1.1.2"
        }
      },
      "lodash": {
        "version": "4.17.11",
        "resolved": "https://registry.npmjs.org/lodash/-/lodash-4.17.11.tgz",
        "integrity": "sha512-cQKh8g8sKXbJtrrm6V8xa6G4EQaPJad0WVNlZtM6uWzVxG3jdaRh2E3D7uQai9n1V+0EyqupV0V3QbPcVgU16Q=="
      }
    }
  }
  